
Microsoft Visual Studio Solution File, Format Version 12.00
# Visual Studio Version 16
VisualStudioVersion = 16.0.31129.286
MinimumVisualStudioVersion = 10.0.40219.1
Project("{FAE04EC0-301F-11D3-BF4B-00C04F79EFBC}") = "TournamentWeb", "TournamentWeb.csproj", "{147B496C-08F5-4FAC-AF5F-3338949CA839}"
EndProject
Global
	GlobalSection(SolutionConfigurationPlatforms) = preSolution
		Debug|Any CPU = Debug|Any CPU
		Release|Any CPU = Release|Any CPU
	EndGlobalSection
	GlobalSection(ProjectConfigurationPlatforms) = postSolution
		{147B496C-08F5-4FAC-AF5F-3338949CA839}.Debug|Any CPU.ActiveCfg = Debug|Any CPU
		{147B496C-08F5-4FAC-AF5F-3338949CA839}.Debug|Any CPU.Build.0 = Debug|Any CPU
		{147B496C-08F5-4FAC-AF5F-3338949CA839}.Release|Any CPU.ActiveCfg = Release|Any CPU
		{147B496C-08F5-4FAC-AF5F-3338949CA839}.Release|Any CPU.Build.0 = Release|Any CPU
	EndGlobalSection
	GlobalSection(SolutionProperties) = preSolution
		HideSolutionNode = FALSE
	EndGlobalSection
	GlobalSection(ExtensibilityGlobals) = postSolution
		SolutionGuid = {FBF08E77-EB0C-4F2C-80AF-2CC9D2E252DA}
	EndGlobalSection
EndGlobal
